lockfileVersion: '9.0'

settings:
  autoInstallPeers: true
  excludeLinksFromLockfile: false

importers:

  .:
    dependencies:
      dotenv:
        specifier: ^16.5.0
        version: 16.5.0
      solclientjs:
        specifier: ^10.18.0
        version: 10.18.0
    devDependencies:
      '@types/dotenv':
        specifier: ^8.2.3
        version: 8.2.3
      '@types/node':
        specifier: ^22.15.29
        version: 22.15.29

packages:

  '@types/dotenv@8.2.3':
    resolution: {integrity: sha512-g2FXjlDX/cYuc5CiQvyU/6kkbP1JtmGzh0obW50zD7OKeILVL0NSpPWLXVfqoAGQjom2/SLLx9zHq0KXvD6mbw==}
    deprecated: This is a stub types definition. dotenv provides its own type definitions, so you do not need this installed.

  '@types/node@22.15.29':
    resolution: {integrity: sha512-LNdjOkUDlU1RZb8e1kOIUpN1qQUlzGkEtbVNo53vbrwDg5om6oduhm4SiUaPW5ASTXhAiP0jInWG8Qx9fVlOeQ==}

  dotenv@16.5.0:
    resolution: {integrity: sha512-m/C+AwOAr9/W1UOIZUo232ejMNnJAJtYQjUbHoNTBNTJSvqzzDh7vnrei3o3r3m9blf6ZoDkvcw0VmozNRFJxg==}
    engines: {node: '>=12'}

  solclientjs@10.18.0:
    resolution: {integrity: sha512-63Scy6h2WNOAsf5HZcGYL8xYG+UIc/D5ZazG1lBTzLsc9LVfqdh6Roj2FLGkZN3M82mZhUwUYIzMmwzR0+YJiw==}
    engines: {node: '>=10.0.0'}

  undici-types@6.21.0:
    resolution: {integrity: sha512-iwDZqg0QAGrg9Rav5H4n0M64c3mkR59cJ6wQp+7C4nI0gsmExaedaYLNO44eT4AtBBwjbTiGPMlt2Md0T9H9JQ==}

snapshots:

  '@types/dotenv@8.2.3':
    dependencies:
      dotenv: 16.5.0

  '@types/node@22.15.29':
    dependencies:
      undici-types: 6.21.0

  dotenv@16.5.0: {}

  solclientjs@10.18.0: {}

  undici-types@6.21.0: {}
